
Microsoft Visual Studio Solution File, Format Version 12.00
# Visual Studio Version 17
VisualStudioVersion = 17.10.35027.167
MinimumVisualStudioVersion = 10.0.40219.1
Project("{FAE04EC0-301F-11D3-BF4B-00C04F79EFBC}") = "HTTPClient", "HTTPClient\HTTPClient.csproj", "{B8552F0F-245D-470E-86DF-FFE652496E06}"
EndProject
Global
	GlobalSection(SolutionConfigurationPlatforms) = preSolution
		Debug|Any CPU = Debug|Any CPU
		Release|Any CPU = Release|Any CPU
	EndGlobalSection
	GlobalSection(ProjectConfigurationPlatforms) = postSolution
		{B8552F0F-245D-470E-86DF-FFE652496E06}.Debug|Any CPU.ActiveCfg = Debug|Any CPU
		{B8552F0F-245D-470E-86DF-FFE652496E06}.Debug|Any CPU.Build.0 = Debug|Any CPU
		{B8552F0F-245D-470E-86DF-FFE652496E06}.Debug|Any CPU.Deploy.0 = Debug|Any CPU
		{B8552F0F-245D-470E-86DF-FFE652496E06}.Release|Any CPU.ActiveCfg = Release|Any CPU
		{B8552F0F-245D-470E-86DF-FFE652496E06}.Release|Any CPU.Build.0 = Release|Any CPU
		{B8552F0F-245D-470E-86DF-FFE652496E06}.Release|Any CPU.Deploy.0 = Release|Any CPU
	EndGlobalSection
	GlobalSection(SolutionProperties) = preSolution
		HideSolutionNode = FALSE
	EndGlobalSection
	GlobalSection(ExtensibilityGlobals) = postSolution
		SolutionGuid = {9E298C97-B1AA-46D8-82EC-837950896FF1}
	EndGlobalSection
EndGlobal
